
Microsoft Visual Studio Solution File, Format Version 12.00
# Visual Studio Version 16
VisualStudioVersion = 16.0.31005.135
MinimumVisualStudioVersion = 10.0.40219.1
Project("{FAE04EC0-301F-11D3-BF4B-00C04F79EFBC}") = "DotNetDesignPatternDemos", "DotNetDesignPatternDemos.csproj", "{734743F3-EC9F-4F40-BFAC-E5C310BF5317}"
EndProject
Project("{6EC3EE1D-3C4E-46DD-8F32-0CC8E7565705}") = "FunctionalDesignPatternDemos", "Functional\FunctionalDesignPatternDemos\FunctionalDesignPatternDemos.fsproj", "{AAFF59C2-7C80-447E-97FD-9A53C0F0DC6E}"
EndProject
Project("{FAE04EC0-301F-11D3-BF4B-00C04F79EFBC}") = "MediatrDemo", "Behavioral\Mediator\MediatrDemo\MediatrDemo.csproj", "{2B3EB10C-370D-4CBE-843C-73F7CB8040D2}"
EndProject
Project("{9A19103F-16F7-4668-BE54-9A1E7A4F7556}") = "PatternDemosCore", "PatternDemosCore\PatternDemosCore.csproj", "{31B9B15E-8E7D-4FA3-ADF7-EAB9A4D28EFC}"
EndProject
Project("{2150E333-8FDC-42A3-9474-1A3956D46DE8}") = "Behavioral", "Behavioral", "{496CEA8C-5B2D-44C1-850F-B93733A64CA4}"
EndProject
Project("{2150E333-8FDC-42A3-9474-1A3956D46DE8}") = "Creational", "Creational", "{EBC497E1-2F61-49E9-8287-DEC0F1FAC182}"
EndProject
Project("{2150E333-8FDC-42A3-9474-1A3956D46DE8}") = "Structural", "Structural", "{C74281CE-6A9F-4588-8C73-C224629DF336}"
EndProject
Project("{2150E333-8FDC-42A3-9474-1A3956D46DE8}") = "Xtras", "Xtras", "{22C43DBC-2EAF-42A9-9BDF-CD146EA7637C}"
EndProject
Project("{2150E333-8FDC-42A3-9474-1A3956D46DE8}") = "SOLID", "SOLID", "{261C27CF-806D-4857-A03E-BB372D7AE095}"
EndProject
Project("{2150E333-8FDC-42A3-9474-1A3956D46DE8}") = "Singleton", "Singleton", "{1DD469CE-D3E5-4604-A0AD-82B8A01B1550}"
EndProject
Project("{2150E333-8FDC-42A3-9474-1A3956D46DE8}") = "Factories", "Factories", "{8D99D4DF-0E48-4280-8041-FC4C1D2141CC}"
EndProject
Project("{2150E333-8FDC-42A3-9474-1A3956D46DE8}") = "Prototype", "Prototype", "{FF2166BE-775D-4D0D-BADF-E334DFCAE3E6}"
EndProject
Project("{9A19103F-16F7-4668-BE54-9A1E7A4F7556}") = "SRP", "Xtras\SOLID\SRP\SRP.csproj", "{13E086ED-6137-4FEF-BC56-7AF8EE33C3B7}"
EndProject
Project("{9A19103F-16F7-4668-BE54-9A1E7A4F7556}") = "ISP", "Xtras\SOLID\ISP\ISP.csproj", "{25CE62E3-BE42-4138-80D3-9556CFDEE649}"
EndProject
Project("{9A19103F-16F7-4668-BE54-9A1E7A4F7556}") = "OCP", "Xtras\SOLID\OCP\OCP.csproj", "{D678F2CD-D5E7-4279-84C7-3A352D97B436}"
EndProject
Project("{9A19103F-16F7-4668-BE54-9A1E7A4F7556}") = "PrototypeInheritance", "Creational\Prototype\PrototypeInheritance\PrototypeInheritance.csproj", "{6E29BDD6-ADCC-4A3B-BAA8-B01EE5306FD9}"
EndProject
Project("{2150E333-8FDC-42A3-9474-1A3956D46DE8}") = "Visitor", "Visitor", "{24EC8B4D-B5DE-403A-A97B-F8C49829D5D7}"
EndProject
Project("{2150E333-8FDC-42A3-9474-1A3956D46DE8}") = "NestedReferences", "NestedReferences", "{C09333E9-049D-4EF4-A29F-6E81D187C2C8}"
EndProject
Project("{9A19103F-16F7-4668-BE54-9A1E7A4F7556}") = "NestedReferencesDemo", "Xtras\Xtras\NestedReferences\NestedReferencesDemo\NestedReferencesDemo.csproj", "{F96E5756-527C-44AA-A2C9-77F8956AB8E0}"
EndProject
Project("{9A19103F-16F7-4668-BE54-9A1E7A4F7556}") = "NestedReferencesSourceGen", "Xtras\Xtras\NestedReferences\NestedReferencesSourceGen\NestedReferencesSourceGen.csproj", "{AAC933D8-A63B-41B5-B602-165D994E67FC}"
EndProject
Project("{2150E333-8FDC-42A3-9474-1A3956D46DE8}") = "NullObject", "NullObject", "{087C6BDD-B71E-4573-A687-BD3168CDEE17}"
EndProject
Project("{9A19103F-16F7-4668-BE54-9A1E7A4F7556}") = "NullObjectPattern", "Behavioral\NullObject\NullObjectPattern\NullObjectPattern.csproj", "{F52DDD04-B218-443C-925C-5CEF83406679}"
EndProject
Project("{2150E333-8FDC-42A3-9474-1A3956D46DE8}") = "Observer", "Observer", "{F221D3C3-4608-487D-9818-8896C40AB63C}"
EndProject
Project("{9A19103F-16F7-4668-BE54-9A1E7A4F7556}") = "QuadraticEquationApp", "Behavioral\Observer\QuadraticEquationApp\QuadraticEquationApp.csproj", "{14AE3517-F2BE-41C4-92C2-B17712DB8219}"
EndProject
Project("{9A19103F-16F7-4668-BE54-9A1E7A4F7556}") = "NullVisitable", "Behavioral\Visitor\NullVisitable\NullVisitable.csproj", "{2043A49E-2B63-49C4-BE19-1D82521AB0C9}"
EndProject
Project("{2150E333-8FDC-42A3-9474-1A3956D46DE8}") = "Composite", "Composite", "{C2326B82-9173-45D2-A108-1A4709BF9BC2}"
EndProject
Project("{9A19103F-16F7-4668-BE54-9A1E7A4F7556}") = "ScalarInterface", "Structural\Composite\ScalarInterface\ScalarInterface.csproj", "{40B6B3E2-97B7-48B5-A597-76026A6E300B}"
EndProject
Project("{2150E333-8FDC-42A3-9474-1A3956D46DE8}") = "Builder", "Builder", "{7BEA3AB6-72E3-4F52-997B-5F072477E418}"
EndProject
Project("{9A19103F-16F7-4668-BE54-9A1E7A4F7556}") = "StepwiseBuilder", "Creational\Builder\StepwiseBuilder\StepwiseBuilder.csproj", "{04961CCF-A44A-45CC-84E1-1AF8C4C22961}"
EndProject
Project("{9A19103F-16F7-4668-BE54-9A1E7A4F7556}") = "VisitorAdapter", "Behavioral\Visitor\VisitorAdapter\VisitorAdapter.csproj", "{F1A2A1F8-7078-463E-9CD5-B7DAD6ABD0D5}"
EndProject
Project("{9A19103F-16F7-4668-BE54-9A1E7A4F7556}") = "AbstractVirtual", "Behavioral\Visitor\AbstractVirtual\AbstractVirtual.csproj", "{AED11C72-E2BD-467B-85DE-C6A02B2B5C49}"
EndProject
Project("{9A19103F-16F7-4668-BE54-9A1E7A4F7556}") = "Transformer", "Behavioral\Visitor\Transformer\Transformer.csproj", "{F1441423-6FBC-4FF0-8848-55749A860E0E}"
EndProject
Project("{FAE04EC0-301F-11D3-BF4B-00C04F79EFBC}") = "FunctionalVisitor", "Behavioral\Visitor\FunctionalVisitor\FunctionalVisitor.csproj", "{38C79DF6-01C6-4257-A711-35E2DAE384C2}"
EndProject
Project("{FAE04EC0-301F-11D3-BF4B-00C04F79EFBC}") = "BulkReplacement", "Creational\Factories\BulkReplacement\BulkReplacement.csproj", "{38683AB1-615B-4B69-84DD-DC69342F65B4}"
EndProject
Project("{FAE04EC0-301F-11D3-BF4B-00C04F79EFBC}") = "SpecificationVisitor", "Behavioral\Visitor\SpecificationVisitor\SpecificationVisitor.csproj", "{A8BAD390-E21F-46CA-A54F-166084354766}"
EndProject
Project("{2150E333-8FDC-42A3-9474-1A3956D46DE8}") = "Decorator", "Decorator", "{8C67C278-8361-4621-AA82-786A2E324D7A}"
EndProject
Project("{FAE04EC0-301F-11D3-BF4B-00C04F79EFBC}") = "PointsAndLines", "Structural\Decorator\PointsAndLines\PointsAndLines.csproj", "{2FF8F39B-896F-4F9B-B066-49A6F168972A}"
EndProject
Project("{2150E333-8FDC-42A3-9474-1A3956D46DE8}") = "Proxy", "Proxy", "{6A10F80A-79A9-4D72-ADEF-0854A3F0869D}"
EndProject
Project("{FAE04EC0-301F-11D3-BF4B-00C04F79EFBC}") = "CompositeProxy", "Behavioral\Proxy\CompositeProxy\CompositeProxy.csproj", "{FBD2C92D-0134-4FEE-AB90-A36742AC632C}"
EndProject
Project("{FAE04EC0-301F-11D3-BF4B-00C04F79EFBC}") = "AcyclicVisitor", "Behavioral\Visitor\AcyclicVisitor\AcyclicVisitor.csproj", "{9C510CBC-E465-4BEB-A4B2-2C23E618B417}"
EndProject
Project("{FAE04EC0-301F-11D3-BF4B-00C04F79EFBC}") = "LSP", "Xtras\SOLID\LSP\LSP.csproj", "{E14520DF-1479-4340-9ED2-BD636DB59DC0}"
EndProject
Project("{FAE04EC0-301F-11D3-BF4B-00C04F79EFBC}") = "DIP", "Xtras\SOLID\DIP\DIP.csproj", "{DD8D039C-C943-46BD-8810-D673968D18B1}"
EndProject
Project("{FAE04EC0-301F-11D3-BF4B-00C04F79EFBC}") = "Builder", "Creational\Builder\Builder\Builder.csproj", "{B49A7316-32AD-417D-9A3A-25FF8D25BD4C}"
EndProject
Project("{FAE04EC0-301F-11D3-BF4B-00C04F79EFBC}") = "AmbientContext", "Creational\Singleton\AmbientContext\AmbientContext.csproj", "{7E93D369-BFFB-450B-96E6-6C57940ABD22}"
EndProject
Project("{FAE04EC0-301F-11D3-BF4B-00C04F79EFBC}") = "NestedBuilder", "Creational\Builder\NestedBuilder\NestedBuilder.csproj", "{43BBF1AE-6E50-4F96-BC0F-F9AF9F9F0230}"
EndProject
Project("{FAE04EC0-301F-11D3-BF4B-00C04F79EFBC}") = "Singleton", "Creational\Singleton\Singleton\Singleton.csproj", "{8A66AE92-4E14-452C-98F4-6A95B6DF4E0C}"
EndProject
Project("{2150E333-8FDC-42A3-9474-1A3956D46DE8}") = "Proxy", "Proxy", "{C37DA779-A555-406D-9A3C-E39AE61A6723}"
EndProject
Project("{FAE04EC0-301F-11D3-BF4B-00C04F79EFBC}") = "DynamicProxyDependencyInjection", "Structural\Proxy\DynamicProxyDependencyInjection\DynamicProxyDependencyInjection.csproj", "{87740797-8FCE-4FC9-A07E-2AC5C6402852}"
EndProject
Project("{2150E333-8FDC-42A3-9474-1A3956D46DE8}") = "ValueObject", "ValueObject", "{4FD536AB-C46D-43F3-A17B-81FDFC40104F}"
EndProject
Project("{F2A71F9B-5D33-465A-A702-920D77279786}") = "UnitsOfMeasure", "Structural\UnitsOfMeasure\UnitsOfMeasure.fsproj", "{A49B1A22-9290-4D9B-808F-0050A7918B39}"
EndProject
Project("{FAE04EC0-301F-11D3-BF4B-00C04F79EFBC}") = "PercentValue", "Structural\PercentValue\PercentValue.csproj", "{BDA29336-9E57-4E94-925A-88C1E94A1B90}"
EndProject
Project("{2150E333-8FDC-42A3-9474-1A3956D46DE8}") = "TemplateMethod", "TemplateMethod", "{097D1769-C39B-4188-8538-635A65D1E2D4}"
EndProject
Project("{FAE04EC0-301F-11D3-BF4B-00C04F79EFBC}") = "TemplateMethodMixin", "Behavioral\TemplateMethod\TemplateMethodMixin\TemplateMethodMixin.csproj", "{C80B6263-D71C-47A1-8F63-23817D50D349}"
EndProject
Global
	GlobalSection(SolutionConfigurationPlatforms) = preSolution
		Debug|Any CPU = Debug|Any CPU
		Release|Any CPU = Release|Any CPU
	EndGlobalSection
	GlobalSection(ProjectConfigurationPlatforms) = postSolution
		{734743F3-EC9F-4F40-BFAC-E5C310BF5317}.Debug|Any CPU.ActiveCfg = Debug|Any CPU
		{734743F3-EC9F-4F40-BFAC-E5C310BF5317}.Debug|Any CPU.Build.0 = Debug|Any CPU
		{734743F3-EC9F-4F40-BFAC-E5C310BF5317}.Release|Any CPU.ActiveCfg = Release|Any CPU
		{734743F3-EC9F-4F40-BFAC-E5C310BF5317}.Release|Any CPU.Build.0 = Release|Any CPU
		{AAFF59C2-7C80-447E-97FD-9A53C0F0DC6E}.Debug|Any CPU.ActiveCfg = Debug|Any CPU
		{AAFF59C2-7C80-447E-97FD-9A53C0F0DC6E}.Debug|Any CPU.Build.0 = Debug|Any CPU
		{AAFF59C2-7C80-447E-97FD-9A53C0F0DC6E}.Release|Any CPU.ActiveCfg = Release|Any CPU
		{AAFF59C2-7C80-447E-97FD-9A53C0F0DC6E}.Release|Any CPU.Build.0 = Release|Any CPU
		{2B3EB10C-370D-4CBE-843C-73F7CB8040D2}.Debug|Any CPU.ActiveCfg = Debug|Any CPU
		{2B3EB10C-370D-4CBE-843C-73F7CB8040D2}.Debug|Any CPU.Build.0 = Debug|Any CPU
		{2B3EB10C-370D-4CBE-843C-73F7CB8040D2}.Release|Any CPU.ActiveCfg = Release|Any CPU
		{2B3EB10C-370D-4CBE-843C-73F7CB8040D2}.Release|Any CPU.Build.0 = Release|Any CPU
		{31B9B15E-8E7D-4FA3-ADF7-EAB9A4D28EFC}.Debug|Any CPU.ActiveCfg = Debug|Any CPU
		{31B9B15E-8E7D-4FA3-ADF7-EAB9A4D28EFC}.Debug|Any CPU.Build.0 = Debug|Any CPU
		{31B9B15E-8E7D-4FA3-ADF7-EAB9A4D28EFC}.Release|Any CPU.ActiveCfg = Release|Any CPU
		{31B9B15E-8E7D-4FA3-ADF7-EAB9A4D28EFC}.Release|Any CPU.Build.0 = Release|Any CPU
		{13E086ED-6137-4FEF-BC56-7AF8EE33C3B7}.Debug|Any CPU.ActiveCfg = Debug|Any CPU
		{13E086ED-6137-4FEF-BC56-7AF8EE33C3B7}.Debug|Any CPU.Build.0 = Debug|Any CPU
		{13E086ED-6137-4FEF-BC56-7AF8EE33C3B7}.Release|Any CPU.ActiveCfg = Release|Any CPU
		{13E086ED-6137-4FEF-BC56-7AF8EE33C3B7}.Release|Any CPU.Build.0 = Release|Any CPU
		{25CE62E3-BE42-4138-80D3-9556CFDEE649}.Debug|Any CPU.ActiveCfg = Debug|Any CPU
		{25CE62E3-BE42-4138-80D3-9556CFDEE649}.Debug|Any CPU.Build.0 = Debug|Any CPU
		{25CE62E3-BE42-4138-80D3-9556CFDEE649}.Release|Any CPU.ActiveCfg = Release|Any CPU
		{25CE62E3-BE42-4138-80D3-9556CFDEE649}.Release|Any CPU.Build.0 = Release|Any CPU
		{D678F2CD-D5E7-4279-84C7-3A352D97B436}.Debug|Any CPU.ActiveCfg = Debug|Any CPU
		{D678F2CD-D5E7-4279-84C7-3A352D97B436}.Debug|Any CPU.Build.0 = Debug|Any CPU
		{D678F2CD-D5E7-4279-84C7-3A352D97B436}.Release|Any CPU.ActiveCfg = Release|Any CPU
		{D678F2CD-D5E7-4279-84C7-3A352D97B436}.Release|Any CPU.Build.0 = Release|Any CPU
		{6E29BDD6-ADCC-4A3B-BAA8-B01EE5306FD9}.Debug|Any CPU.ActiveCfg = Debug|Any CPU
		{6E29BDD6-ADCC-4A3B-BAA8-B01EE5306FD9}.Debug|Any CPU.Build.0 = Debug|Any CPU
		{6E29BDD6-ADCC-4A3B-BAA8-B01EE5306FD9}.Release|Any CPU.ActiveCfg = Release|Any CPU
		{6E29BDD6-ADCC-4A3B-BAA8-B01EE5306FD9}.Release|Any CPU.Build.0 = Release|Any CPU
		{F96E5756-527C-44AA-A2C9-77F8956AB8E0}.Debug|Any CPU.ActiveCfg = Debug|Any CPU
		{F96E5756-527C-44AA-A2C9-77F8956AB8E0}.Debug|Any CPU.Build.0 = Debug|Any CPU
		{F96E5756-527C-44AA-A2C9-77F8956AB8E0}.Release|Any CPU.ActiveCfg = Release|Any CPU
		{F96E5756-527C-44AA-A2C9-77F8956AB8E0}.Release|Any CPU.Build.0 = Release|Any CPU
		{AAC933D8-A63B-41B5-B602-165D994E67FC}.Debug|Any CPU.ActiveCfg = Debug|Any CPU
		{AAC933D8-A63B-41B5-B602-165D994E67FC}.Debug|Any CPU.Build.0 = Debug|Any CPU
		{AAC933D8-A63B-41B5-B602-165D994E67FC}.Release|Any CPU.ActiveCfg = Release|Any CPU
		{AAC933D8-A63B-41B5-B602-165D994E67FC}.Release|Any CPU.Build.0 = Release|Any CPU
		{F52DDD04-B218-443C-925C-5CEF83406679}.Debug|Any CPU.ActiveCfg = Debug|Any CPU
		{F52DDD04-B218-443C-925C-5CEF83406679}.Debug|Any CPU.Build.0 = Debug|Any CPU
		{F52DDD04-B218-443C-925C-5CEF83406679}.Release|Any CPU.ActiveCfg = Release|Any CPU
		{F52DDD04-B218-443C-925C-5CEF83406679}.Release|Any CPU.Build.0 = Release|Any CPU
		{14AE3517-F2BE-41C4-92C2-B17712DB8219}.Debug|Any CPU.ActiveCfg = Debug|Any CPU
		{14AE3517-F2BE-41C4-92C2-B17712DB8219}.Debug|Any CPU.Build.0 = Debug|Any CPU
		{14AE3517-F2BE-41C4-92C2-B17712DB8219}.Release|Any CPU.ActiveCfg = Release|Any CPU
		{14AE3517-F2BE-41C4-92C2-B17712DB8219}.Release|Any CPU.Build.0 = Release|Any CPU
		{2043A49E-2B63-49C4-BE19-1D82521AB0C9}.Debug|Any CPU.ActiveCfg = Debug|Any CPU
		{2043A49E-2B63-49C4-BE19-1D82521AB0C9}.Debug|Any CPU.Build.0 = Debug|Any CPU
		{2043A49E-2B63-49C4-BE19-1D82521AB0C9}.Release|Any CPU.ActiveCfg = Release|Any CPU
		{2043A49E-2B63-49C4-BE19-1D82521AB0C9}.Release|Any CPU.Build.0 = Release|Any CPU
		{40B6B3E2-97B7-48B5-A597-76026A6E300B}.Debug|Any CPU.ActiveCfg = Debug|Any CPU
		{40B6B3E2-97B7-48B5-A597-76026A6E300B}.Debug|Any CPU.Build.0 = Debug|Any CPU
		{40B6B3E2-97B7-48B5-A597-76026A6E300B}.Release|Any CPU.ActiveCfg = Release|Any CPU
		{40B6B3E2-97B7-48B5-A597-76026A6E300B}.Release|Any CPU.Build.0 = Release|Any CPU
		{04961CCF-A44A-45CC-84E1-1AF8C4C22961}.Debug|Any CPU.ActiveCfg = Debug|Any CPU
		{04961CCF-A44A-45CC-84E1-1AF8C4C22961}.Debug|Any CPU.Build.0 = Debug|Any CPU
		{04961CCF-A44A-45CC-84E1-1AF8C4C22961}.Release|Any CPU.ActiveCfg = Release|Any CPU
		{04961CCF-A44A-45CC-84E1-1AF8C4C22961}.Release|Any CPU.Build.0 = Release|Any CPU
		{F1A2A1F8-7078-463E-9CD5-B7DAD6ABD0D5}.Debug|Any CPU.ActiveCfg = Debug|Any CPU
		{F1A2A1F8-7078-463E-9CD5-B7DAD6ABD0D5}.Debug|Any CPU.Build.0 = Debug|Any CPU
		{F1A2A1F8-7078-463E-9CD5-B7DAD6ABD0D5}.Release|Any CPU.ActiveCfg = Release|Any CPU
		{F1A2A1F8-7078-463E-9CD5-B7DAD6ABD0D5}.Release|Any CPU.Build.0 = Release|Any CPU
		{AED11C72-E2BD-467B-85DE-C6A02B2B5C49}.Debug|Any CPU.ActiveCfg = Debug|Any CPU
		{AED11C72-E2BD-467B-85DE-C6A02B2B5C49}.Debug|Any CPU.Build.0 = Debug|Any CPU
		{AED11C72-E2BD-467B-85DE-C6A02B2B5C49}.Release|Any CPU.ActiveCfg = Release|Any CPU
		{AED11C72-E2BD-467B-85DE-C6A02B2B5C49}.Release|Any CPU.Build.0 = Release|Any CPU
		{F1441423-6FBC-4FF0-8848-55749A860E0E}.Debug|Any CPU.ActiveCfg = Debug|Any CPU
		{F1441423-6FBC-4FF0-8848-55749A860E0E}.Debug|Any CPU.Build.0 = Debug|Any CPU
		{F1441423-6FBC-4FF0-8848-55749A860E0E}.Release|Any CPU.ActiveCfg = Release|Any CPU
		{F1441423-6FBC-4FF0-8848-55749A860E0E}.Release|Any CPU.Build.0 = Release|Any CPU
		{38C79DF6-01C6-4257-A711-35E2DAE384C2}.Debug|Any CPU.ActiveCfg = Debug|Any CPU
		{38C79DF6-01C6-4257-A711-35E2DAE384C2}.Debug|Any CPU.Build.0 = Debug|Any CPU
		{38C79DF6-01C6-4257-A711-35E2DAE384C2}.Release|Any CPU.ActiveCfg = Release|Any CPU
		{38C79DF6-01C6-4257-A711-35E2DAE384C2}.Release|Any CPU.Build.0 = Release|Any CPU
		{38683AB1-615B-4B69-84DD-DC69342F65B4}.Debug|Any CPU.ActiveCfg = Debug|Any CPU
		{38683AB1-615B-4B69-84DD-DC69342F65B4}.Debug|Any CPU.Build.0 = Debug|Any CPU
		{38683AB1-615B-4B69-84DD-DC69342F65B4}.Release|Any CPU.ActiveCfg = Release|Any CPU
		{38683AB1-615B-4B69-84DD-DC69342F65B4}.Release|Any CPU.Build.0 = Release|Any CPU
		{A8BAD390-E21F-46CA-A54F-166084354766}.Debug|Any CPU.ActiveCfg = Debug|Any CPU
		{A8BAD390-E21F-46CA-A54F-166084354766}.Debug|Any CPU.Build.0 = Debug|Any CPU
		{A8BAD390-E21F-46CA-A54F-166084354766}.Release|Any CPU.ActiveCfg = Release|Any CPU
		{A8BAD390-E21F-46CA-A54F-166084354766}.Release|Any CPU.Build.0 = Release|Any CPU
		{2FF8F39B-896F-4F9B-B066-49A6F168972A}.Debug|Any CPU.ActiveCfg = Debug|Any CPU
		{2FF8F39B-896F-4F9B-B066-49A6F168972A}.Debug|Any CPU.Build.0 = Debug|Any CPU
		{2FF8F39B-896F-4F9B-B066-49A6F168972A}.Release|Any CPU.ActiveCfg = Release|Any CPU
		{2FF8F39B-896F-4F9B-B066-49A6F168972A}.Release|Any CPU.Build.0 = Release|Any CPU
		{FBD2C92D-0134-4FEE-AB90-A36742AC632C}.Debug|Any CPU.ActiveCfg = Debug|Any CPU
		{FBD2C92D-0134-4FEE-AB90-A36742AC632C}.Debug|Any CPU.Build.0 = Debug|Any CPU
		{FBD2C92D-0134-4FEE-AB90-A36742AC632C}.Release|Any CPU.ActiveCfg = Release|Any CPU
		{FBD2C92D-0134-4FEE-AB90-A36742AC632C}.Release|Any CPU.Build.0 = Release|Any CPU
		{9C510CBC-E465-4BEB-A4B2-2C23E618B417}.Debug|Any CPU.ActiveCfg = Debug|Any CPU
		{9C510CBC-E465-4BEB-A4B2-2C23E618B417}.Debug|Any CPU.Build.0 = Debug|Any CPU
		{9C510CBC-E465-4BEB-A4B2-2C23E618B417}.Release|Any CPU.ActiveCfg = Release|Any CPU
		{9C510CBC-E465-4BEB-A4B2-2C23E618B417}.Release|Any CPU.Build.0 = Release|Any CPU
		{E14520DF-1479-4340-9ED2-BD636DB59DC0}.Debug|Any CPU.ActiveCfg = Debug|Any CPU
		{E14520DF-1479-4340-9ED2-BD636DB59DC0}.Debug|Any CPU.Build.0 = Debug|Any CPU
		{E14520DF-1479-4340-9ED2-BD636DB59DC0}.Release|Any CPU.ActiveCfg = Release|Any CPU
		{E14520DF-1479-4340-9ED2-BD636DB59DC0}.Release|Any CPU.Build.0 = Release|Any CPU
		{DD8D039C-C943-46BD-8810-D673968D18B1}.Debug|Any CPU.ActiveCfg = Debug|Any CPU
		{DD8D039C-C943-46BD-8810-D673968D18B1}.Debug|Any CPU.Build.0 = Debug|Any CPU
		{DD8D039C-C943-46BD-8810-D673968D18B1}.Release|Any CPU.ActiveCfg = Release|Any CPU
		{DD8D039C-C943-46BD-8810-D673968D18B1}.Release|Any CPU.Build.0 = Release|Any CPU
		{B49A7316-32AD-417D-9A3A-25FF8D25BD4C}.Debug|Any CPU.ActiveCfg = Debug|Any CPU
		{B49A7316-32AD-417D-9A3A-25FF8D25BD4C}.Debug|Any CPU.Build.0 = Debug|Any CPU
		{B49A7316-32AD-417D-9A3A-25FF8D25BD4C}.Release|Any CPU.ActiveCfg = Release|Any CPU
		{B49A7316-32AD-417D-9A3A-25FF8D25BD4C}.Release|Any CPU.Build.0 = Release|Any CPU
		{7E93D369-BFFB-450B-96E6-6C57940ABD22}.Debug|Any CPU.ActiveCfg = Debug|Any CPU
		{7E93D369-BFFB-450B-96E6-6C57940ABD22}.Debug|Any CPU.Build.0 = Debug|Any CPU
		{7E93D369-BFFB-450B-96E6-6C57940ABD22}.Release|Any CPU.ActiveCfg = Release|Any CPU
		{7E93D369-BFFB-450B-96E6-6C57940ABD22}.Release|Any CPU.Build.0 = Release|Any CPU
		{43BBF1AE-6E50-4F96-BC0F-F9AF9F9F0230}.Debug|Any CPU.ActiveCfg = Debug|Any CPU
		{43BBF1AE-6E50-4F96-BC0F-F9AF9F9F0230}.Debug|Any CPU.Build.0 = Debug|Any CPU
		{43BBF1AE-6E50-4F96-BC0F-F9AF9F9F0230}.Release|Any CPU.ActiveCfg = Release|Any CPU
		{43BBF1AE-6E50-4F96-BC0F-F9AF9F9F0230}.Release|Any CPU.Build.0 = Release|Any CPU
		{8A66AE92-4E14-452C-98F4-6A95B6DF4E0C}.Debug|Any CPU.ActiveCfg = Debug|Any CPU
		{8A66AE92-4E14-452C-98F4-6A95B6DF4E0C}.Debug|Any CPU.Build.0 = Debug|Any CPU
		{8A66AE92-4E14-452C-98F4-6A95B6DF4E0C}.Release|Any CPU.ActiveCfg = Release|Any CPU
		{8A66AE92-4E14-452C-98F4-6A95B6DF4E0C}.Release|Any CPU.Build.0 = Release|Any CPU
		{87740797-8FCE-4FC9-A07E-2AC5C6402852}.Debug|Any CPU.ActiveCfg = Debug|Any CPU
		{87740797-8FCE-4FC9-A07E-2AC5C6402852}.Debug|Any CPU.Build.0 = Debug|Any CPU
		{87740797-8FCE-4FC9-A07E-2AC5C6402852}.Release|Any CPU.ActiveCfg = Release|Any CPU
		{87740797-8FCE-4FC9-A07E-2AC5C6402852}.Release|Any CPU.Build.0 = Release|Any CPU
		{A49B1A22-9290-4D9B-808F-0050A7918B39}.Debug|Any CPU.ActiveCfg = Debug|Any CPU
		{A49B1A22-9290-4D9B-808F-0050A7918B39}.Debug|Any CPU.Build.0 = Debug|Any CPU
		{A49B1A22-9290-4D9B-808F-0050A7918B39}.Release|Any CPU.ActiveCfg = Release|Any CPU
		{A49B1A22-9290-4D9B-808F-0050A7918B39}.Release|Any CPU.Build.0 = Release|Any CPU
		{BDA29336-9E57-4E94-925A-88C1E94A1B90}.Debug|Any CPU.ActiveCfg = Debug|Any CPU
		{BDA29336-9E57-4E94-925A-88C1E94A1B90}.Debug|Any CPU.Build.0 = Debug|Any CPU
		{BDA29336-9E57-4E94-925A-88C1E94A1B90}.Release|Any CPU.ActiveCfg = Release|Any CPU
		{BDA29336-9E57-4E94-925A-88C1E94A1B90}.Release|Any CPU.Build.0 = Release|Any CPU
		{C80B6263-D71C-47A1-8F63-23817D50D349}.Debug|Any CPU.ActiveCfg = Debug|Any CPU
		{C80B6263-D71C-47A1-8F63-23817D50D349}.Debug|Any CPU.Build.0 = Debug|Any CPU
		{C80B6263-D71C-47A1-8F63-23817D50D349}.Release|Any CPU.ActiveCfg = Release|Any CPU
		{C80B6263-D71C-47A1-8F63-23817D50D349}.Release|Any CPU.Build.0 = Release|Any CPU
	EndGlobalSection
	GlobalSection(SolutionProperties) = preSolution
		HideSolutionNode = FALSE
	EndGlobalSection
	GlobalSection(NestedProjects) = preSolution
		{AAFF59C2-7C80-447E-97FD-9A53C0F0DC6E} = {22C43DBC-2EAF-42A9-9BDF-CD146EA7637C}
		{261C27CF-806D-4857-A03E-BB372D7AE095} = {22C43DBC-2EAF-42A9-9BDF-CD146EA7637C}
		{1DD469CE-D3E5-4604-A0AD-82B8A01B1550} = {EBC497E1-2F61-49E9-8287-DEC0F1FAC182}
		{8D99D4DF-0E48-4280-8041-FC4C1D2141CC} = {EBC497E1-2F61-49E9-8287-DEC0F1FAC182}
		{FF2166BE-775D-4D0D-BADF-E334DFCAE3E6} = {EBC497E1-2F61-49E9-8287-DEC0F1FAC182}
		{13E086ED-6137-4FEF-BC56-7AF8EE33C3B7} = {261C27CF-806D-4857-A03E-BB372D7AE095}
		{25CE62E3-BE42-4138-80D3-9556CFDEE649} = {261C27CF-806D-4857-A03E-BB372D7AE095}
		{D678F2CD-D5E7-4279-84C7-3A352D97B436} = {261C27CF-806D-4857-A03E-BB372D7AE095}
		{6E29BDD6-ADCC-4A3B-BAA8-B01EE5306FD9} = {FF2166BE-775D-4D0D-BADF-E334DFCAE3E6}
		{24EC8B4D-B5DE-403A-A97B-F8C49829D5D7} = {496CEA8C-5B2D-44C1-850F-B93733A64CA4}
		{C09333E9-049D-4EF4-A29F-6E81D187C2C8} = {22C43DBC-2EAF-42A9-9BDF-CD146EA7637C}
		{F96E5756-527C-44AA-A2C9-77F8956AB8E0} = {C09333E9-049D-4EF4-A29F-6E81D187C2C8}
		{AAC933D8-A63B-41B5-B602-165D994E67FC} = {C09333E9-049D-4EF4-A29F-6E81D187C2C8}
		{087C6BDD-B71E-4573-A687-BD3168CDEE17} = {496CEA8C-5B2D-44C1-850F-B93733A64CA4}
		{F52DDD04-B218-443C-925C-5CEF83406679} = {087C6BDD-B71E-4573-A687-BD3168CDEE17}
		{F221D3C3-4608-487D-9818-8896C40AB63C} = {496CEA8C-5B2D-44C1-850F-B93733A64CA4}
		{14AE3517-F2BE-41C4-92C2-B17712DB8219} = {F221D3C3-4608-487D-9818-8896C40AB63C}
		{2043A49E-2B63-49C4-BE19-1D82521AB0C9} = {24EC8B4D-B5DE-403A-A97B-F8C49829D5D7}
		{C2326B82-9173-45D2-A108-1A4709BF9BC2} = {C74281CE-6A9F-4588-8C73-C224629DF336}
		{40B6B3E2-97B7-48B5-A597-76026A6E300B} = {C2326B82-9173-45D2-A108-1A4709BF9BC2}
		{7BEA3AB6-72E3-4F52-997B-5F072477E418} = {EBC497E1-2F61-49E9-8287-DEC0F1FAC182}
		{04961CCF-A44A-45CC-84E1-1AF8C4C22961} = {7BEA3AB6-72E3-4F52-997B-5F072477E418}
		{F1A2A1F8-7078-463E-9CD5-B7DAD6ABD0D5} = {24EC8B4D-B5DE-403A-A97B-F8C49829D5D7}
		{AED11C72-E2BD-467B-85DE-C6A02B2B5C49} = {24EC8B4D-B5DE-403A-A97B-F8C49829D5D7}
		{F1441423-6FBC-4FF0-8848-55749A860E0E} = {24EC8B4D-B5DE-403A-A97B-F8C49829D5D7}
		{38C79DF6-01C6-4257-A711-35E2DAE384C2} = {24EC8B4D-B5DE-403A-A97B-F8C49829D5D7}
		{38683AB1-615B-4B69-84DD-DC69342F65B4} = {8D99D4DF-0E48-4280-8041-FC4C1D2141CC}
		{A8BAD390-E21F-46CA-A54F-166084354766} = {24EC8B4D-B5DE-403A-A97B-F8C49829D5D7}
		{8C67C278-8361-4621-AA82-786A2E324D7A} = {C74281CE-6A9F-4588-8C73-C224629DF336}
		{2FF8F39B-896F-4F9B-B066-49A6F168972A} = {8C67C278-8361-4621-AA82-786A2E324D7A}
		{6A10F80A-79A9-4D72-ADEF-0854A3F0869D} = {496CEA8C-5B2D-44C1-850F-B93733A64CA4}
		{FBD2C92D-0134-4FEE-AB90-A36742AC632C} = {6A10F80A-79A9-4D72-ADEF-0854A3F0869D}
		{9C510CBC-E465-4BEB-A4B2-2C23E618B417} = {24EC8B4D-B5DE-403A-A97B-F8C49829D5D7}
		{E14520DF-1479-4340-9ED2-BD636DB59DC0} = {261C27CF-806D-4857-A03E-BB372D7AE095}
		{DD8D039C-C943-46BD-8810-D673968D18B1} = {261C27CF-806D-4857-A03E-BB372D7AE095}
		{B49A7316-32AD-417D-9A3A-25FF8D25BD4C} = {7BEA3AB6-72E3-4F52-997B-5F072477E418}
		{7E93D369-BFFB-450B-96E6-6C57940ABD22} = {1DD469CE-D3E5-4604-A0AD-82B8A01B1550}
		{43BBF1AE-6E50-4F96-BC0F-F9AF9F9F0230} = {7BEA3AB6-72E3-4F52-997B-5F072477E418}
		{8A66AE92-4E14-452C-98F4-6A95B6DF4E0C} = {1DD469CE-D3E5-4604-A0AD-82B8A01B1550}
		{C37DA779-A555-406D-9A3C-E39AE61A6723} = {C74281CE-6A9F-4588-8C73-C224629DF336}
		{87740797-8FCE-4FC9-A07E-2AC5C6402852} = {C37DA779-A555-406D-9A3C-E39AE61A6723}
		{4FD536AB-C46D-43F3-A17B-81FDFC40104F} = {C74281CE-6A9F-4588-8C73-C224629DF336}
		{A49B1A22-9290-4D9B-808F-0050A7918B39} = {4FD536AB-C46D-43F3-A17B-81FDFC40104F}
		{BDA29336-9E57-4E94-925A-88C1E94A1B90} = {4FD536AB-C46D-43F3-A17B-81FDFC40104F}
		{097D1769-C39B-4188-8538-635A65D1E2D4} = {496CEA8C-5B2D-44C1-850F-B93733A64CA4}
		{C80B6263-D71C-47A1-8F63-23817D50D349} = {097D1769-C39B-4188-8538-635A65D1E2D4}
	EndGlobalSection
	GlobalSection(ExtensibilityGlobals) = postSolution
		SolutionGuid = {ACC5B014-3B48-4F8E-90D5-EDCA72DFF2F0}
	EndGlobalSection
EndGlobal
